github.com/dustin/go-humanize v1.0.0 h1:VSnTsYCnlFHaM2/igO1h6X3HA71jcobQuxemgkq4zYo=
github.com/dustin/go-humanize v1.0.0/go.mod h1:HtrtbFcZ19U5GC7JDqmcUSB87Iq5E25KnS6fMYU6eOk=
github.com/kardianos/service v1.2.2-0.20220428125717-29f8c79c511b h1:b5xYQ10mzbfvw0tJnqclfR5sObkGBdghZ+6wYLe7LCQ=
github.com/kardianos/service v1.2.2-0.20220428125717-29f8c79c511b/go.mod h1:CIMRFEJVL+0DS1a3Nx06NaMn4Dz63Ng6O7dl0qH0zVM=
github.com/lwch/logging v0.0.0-20220322084100-ec48185d95ab h1:zqeHtNXEg707Tq8gv5yE//rc6ue/SVSaUxlslbGBxrg=
github.com/lwch/logging v0.0.0-20220322084100-ec48185d95ab/go.mod h1:aXQui5bsF/d4I+z6szuiBWY5m4y9t6pyZ2Q/sLgkBBg=
github.com/lwch/runtime v0.0.0-20190520054850-8c97e19e0c6d h1:Xg+zzPtvX22DaoJD5Bp0tqPdB8gn5WypghIJ4fluqiQ=
github.com/lwch/runtime v0.0.0-20190520054850-8c97e19e0c6d/go.mod h1:uEt0zu1MDC7WnVvodPBGSYAD/KMKk0v36xE8UE5veM8=
github.com/lwch/yaml v0.0.0-20211206085137-772f80e85a26 h1:sR3nbPhdfstDxYLp7c1EnsKH3z8+u+wgnhC3AI9/qf0=
github.com/lwch/yaml v0.0.0-20211206085137-772f80e85a26/go.mod h1:Dz0eixDQvioB5pqCXGQJ6sTJetbS6TCHegLuRh2Bw2U=
golang.org/x/sys v0.0.0-20201015000850-e3ed0017c211 h1:9UQO31fZ+0aKQOFldThf7BKPMJTiBfWycGh/u3UoO88=
golang.org/x/sys v0.0.0-20201015000850-e3ed0017c211/go.mod h1:h1NjWce9XRLGQEsW7wpKNCjG9DtNlClVuFLEZdDNbEs=
gopkg.in/check.v1 v0.0.0-20161208181325-20d25e280405 h1:yhCVgyC4o1eVCa2tZl7eS0r+SDo693bJlVdllGtEeKM=
gopkg.in/check.v1 v0.0.0-20161208181325-20d25e280405/go.mod h1:Co6ibVJAznAaIkqp8huTwlJQCZ016jof/cbN4VW5Yz0=
gopkg.in/yaml.v3 v3.0.0-20210107192922-496545a6307b h1:h8qDotaEPuJATrMmW04NCwg7v22aHH28wwpauUhK9Oo=
gopkg.in/yaml.v3 v3.0.0-20210107192922-496545a6307b/go.mod h1:K4uyk7z7BCEPqu6E+C64Yfv1cQ7kz7rIZviUmN+EgEM=
